// !$*UTF8*$!
{
	archiveVersion = 1;
	classes = {
	};
	objectVersion = 55;
	objects = {

/* Begin PBXBuildFile section */
		CCFD512A279CE19D005E398D /* AppDelegate.swift in Sources */ = {isa = PBXBuildFile; fileRef = CCFD5129279CE19D005E398D /* AppDelegate.swift */; };
		CCFD512C279CE19D005E398D /* SceneDelegate.swift in Sources */ = {isa = PBXBuildFile; fileRef = CCFD512B279CE19D005E398D /* SceneDelegate.swift */; };
		CCFD512E279CE19D005E398D /* ViewController.swift in Sources */ = {isa = PBXBuildFile; fileRef = CCFD512D279CE19D005E398D /* ViewController.swift */; };
		CCFD5131279CE19D005E398D /* Main.storyboard in Resources */ = {isa = PBXBuildFile; fileRef = CCFD512F279CE19D005E398D /* Main.storyboard */; };
		CCFD5134279CE19D005E398D /* hello.xcdatamodeld in Sources */ = {isa = PBXBuildFile; fileRef = CCFD5132279CE19D005E398D /* hello.xcdatamodeld */; };
		CCFD5136279CE1A0005E398D /* Assets.xcassets in Resources */ = {isa = PBXBuildFile; fileRef = CCFD5135279CE1A0005E398D /* Assets.xcassets */; };
		CCFD5139279CE1A0005E398D /* LaunchScreen.storyboard in Resources */ = {isa = PBXBuildFile; fileRef = CCFD5137279CE1A0005E398D /* LaunchScreen.storyboard */; };
		CCFD5144279CE1A0005E398D /* helloTests.swift in Sources */ = {isa = PBXBuildFile; fileRef = CCFD5143279CE1A0005E398D /* helloTests.swift */; };
		CCFD514E279CE1A0005E398D /* helloUITests.swift in Sources */ = {isa = PBXBuildFile; fileRef = CCFD514D279CE1A0005E398D /* helloUITests.swift */; };
		CCFD5150279CE1A0005E398D /* helloUITestsLaunchTests.swift in Sources */ = {isa = PBXBuildFile; fileRef = CCFD514F279CE1A0005E398D /* helloUITestsLaunchTests.swift */; };
/* End PBXBuildFile section */

/* Begin PBXContainerItemProxy section */
		CCFD5140279CE1A0005E398D /* PBXContainerItemProxy */ = {
			isa = PBXContainerItemProxy;
			containerPortal = CCFD511E279CE19D005E398D /* Project object */;
			proxyType = 1;
			remoteGlobalIDString = CCFD5125279CE19D005E398D;
			remoteInfo = hello;
		};
		CCFD514A279CE1A0005E398D /* PBXContainerItemProxy */ = {
			isa = PBXContainerItemProxy;
			containerPortal = CCFD511E279CE19D005E398D /* Project object */;
			proxyType = 1;
			remoteGlobalIDString = CCFD5125279CE19D005E398D;
			remoteInfo = hello;
		};
/* End PBXContainerItemProxy section */

/* Begin PBXFileReference section */
		CCFD5126279CE19D005E398D /* hello.app */ = {isa = PBXFileReference; explicitFileType = wrapper.application; includeInIndex = 0; path = hello.app; sourceTree = BUILT_PRODUCTS_DIR; };
		CCFD5129279CE19D005E398D /* AppDelegate.swift */ = {isa = PBXFileReference; lastKnownFileType = sourcecode.swift; path = AppDelegate.swift; sourceTree = "<group>"; };
		CCFD512B279CE19D005E398D /* SceneDelegate.swift */ = {isa = PBXFileReference; lastKnownFileType = sourcecode.swift; path = SceneDelegate.swift; sourceTree = "<group>"; };
		CCFD512D279CE19D005E398D /* ViewController.swift */ = {isa = PBXFileReference; lastKnownFileType = sourcecode.swift; path = ViewController.swift; sourceTree = "<group>"; };
		CCFD5130279CE19D005E398D /* Base */ = {isa = PBXFileReference; lastKnownFileType = file.storyboard; name = Base; path = Base.lproj/Main.storyboard; sourceTree = "<group>"; };
		CCFD5133279CE19D005E398D /* hello.xcdatamodel */ = {isa = PBXFileReference; lastKnownFileType = wrapper.xcdatamodel; path = hello.xcdatamodel; sourceTree = "<group>"; };
		CCFD5135279CE1A0005E398D /* Assets.xcassets */ = {isa = PBXFileReference; lastKnownFileType = folder.assetcatalog; path = Assets.xcassets; sourceTree = "<group>"; };
		CCFD5138279CE1A0005E398D /* Base */ = {isa = PBXFileReference; lastKnownFileType = file.storyboard; name = Base; path = Base.lproj/LaunchScreen.storyboard; sourceTree = "<group>"; };
		CCFD513A279CE1A0005E398D /* Info.plist */ = {isa = PBXFileReference; lastKnownFileType = text.plist.xml; path = Info.plist; sourceTree = "<group>"; };
		CCFD513F279CE1A0005E398D /* helloTests.xctest */ = {isa = PBXFileReference; explicitFileType = wrapper.cfbundle; includeInIndex = 0; path = helloTests.xctest; sourceTree = BUILT_PRODUCTS_DIR; };
		CCFD5143279CE1A0005E398D /* helloTests.swift */ = {isa = PBXFileReference; lastKnownFileType = sourcecode.swift; path = helloTests.swift; sourceTree = "<group>"; };
		CCFD5149279CE1A0005E398D /* helloUITests.xctest */ = {isa = PBXFileReference; explicitFileType = wrapper.cfbundle; includeInIndex = 0; path = helloUITests.xctest; sourceTree = BUILT_PRODUCTS_DIR; };
		CCFD514D279CE1A0005E398D /* helloUITests.swift */ = {isa = PBXFileReference; lastKnownFileType = sourcecode.swift; path = helloUITests.swift; sourceTree = "<group>"; };
		CCFD514F279CE1A0005E398D /* helloUITestsLaunchTests.swift */ = {isa = PBXFileReference; lastKnownFileType = sourcecode.swift; path = helloUITestsLaunchTests.swift; sourceTree = "<group>"; };
/* End PBXFileReference section */

/* Begin PBXFrameworksBuildPhase section */
		CCFD5123279CE19D005E398D /* Frameworks */ = {
			isa = PBXFrameworksBuildPhase;
			buildActionMask = 2147483647;
			files = (
			);
			runOnlyForDeploymentPostprocessing = 0;
		};
		CCFD513C279CE1A0005E398D /* Frameworks */ = {
			isa = PBXFrameworksBuildPhase;
			buildActionMask = 2147483647;
			files = (
			);
			runOnlyForDeploymentPostprocessing = 0;
		};
		CCFD5146279CE1A0005E398D /* Frameworks */ = {
			isa = PBXFrameworksBuildPhase;
			buildActionMask = 2147483647;
			files = (
			);
			runOnlyForDeploymentPostprocessing = 0;
		};
/* End PBXFrameworksBuildPhase section */

/* Begin PBXGroup section */
		CCFD511D279CE19D005E398D = {
			isa = PBXGroup;
			children = (
				CCFD5128279CE19D005E398D /* hello */,
				CCFD5142279CE1A0005E398D /* helloTests */,
				CCFD514C279CE1A0005E398D /* helloUITests */,
				CCFD5127279CE19D005E398D /* Products */,
			);
			sourceTree = "<group>";
		};
		CCFD5127279CE19D005E398D /* Products */ = {
			isa = PBXGroup;
			children = (
				CCFD5126279CE19D005E398D /* hello.app */,
				CCFD513F279CE1A0005E398D /* helloTests.xctest */,
				CCFD5149279CE1A0005E398D /* helloUITests.xctest */,
			);
			name = Products;
			sourceTree = "<group>";
		};
		CCFD5128279CE19D005E398D /* hello */ = {
			isa = PBXGroup;
			children = (
				CCFD5129279CE19D005E398D /* AppDelegate.swift */,
				CCFD512B279CE19D005E398D /* SceneDelegate.swift */,
				CCFD512D279CE19D005E398D /* ViewController.swift */,
				CCFD512F279CE19D005E398D /* Main.storyboard */,
				CCFD5135279CE1A0005E398D /* Assets.xcassets */,
				CCFD5137279CE1A0005E398D /* LaunchScreen.storyboard */,
				CCFD513A279CE1A0005E398D /* Info.plist */,
				CCFD5132279CE19D005E398D /* hello.xcdatamodeld */,
			);
			path = hello;
			sourceTree = "<group>";
		};
		CCFD5142279CE1A0005E398D /* helloTests */ = {
			isa = PBXGroup;
			children = (
				CCFD5143279CE1A0005E398D /* helloTests.swift */,
			);
			path = helloTests;
			sourceTree = "<group>";
		};
		CCFD514C279CE1A0005E398D /* helloUITests */ = {
			isa = PBXGroup;
			children = (
				CCFD514D279CE1A0005E398D /* helloUITests.swift */,
				CCFD514F279CE1A0005E398D /* helloUITestsLaunchTests.swift */,
			);
			path = helloUITests;
			sourceTree = "<group>";
		};
/* End PBXGroup section */

/* Begin PBXNativeTarget section */
		CCFD5125279CE19D005E398D /* hello */ = {
			isa = PBXNativeTarget;
			buildConfigurationList = CCFD5153279CE1A0005E398D /* Build configuration list for PBXNativeTarget "hello" */;
			buildPhases = (
				CCFD5122279CE19D005E398D /* Sources */,
				CCFD5123279CE19D005E398D /* Frameworks */,
				CCFD5124279CE19D005E398D /* Resources */,
			);
			buildRules = (
			);
			dependencies = (
			);
			name = hello;
			productName = hello;
			productReference = CCFD5126279CE19D005E398D /* hello.app */;
			productType = "com.apple.product-type.application";
		};
		CCFD513E279CE1A0005E398D /* helloTests */ = {
			isa = PBXNativeTarget;
			buildConfigurationList = CCFD5156279CE1A0005E398D /* Build configuration list for PBXNativeTarget "helloTests" */;
			buildPhases = (
				CCFD513B279CE1A0005E398D /* Sources */,
				CCFD513C279CE1A0005E398D /* Frameworks */,
				CCFD513D279CE1A0005E398D /* Resources */,
			);
			buildRules = (
			);
			dependencies = (
				CCFD5141279CE1A0005E398D /* PBXTargetDependency */,
			);
			name = helloTests;
			productName = helloTests;
			productReference = CCFD513F279CE1A0005E398D /* helloTests.xctest */;
			productType = "com.apple.product-type.bundle.unit-test";
		};
		CCFD5148279CE1A0005E398D /* helloUITests */ = {
			isa = PBXNativeTarget;
			buildConfigurationList = CCFD5159279CE1A0005E398D /* Build configuration list for PBXNativeTarget "helloUITests" */;
			buildPhases = (
				CCFD5145279CE1A0005E398D /* Sources */,
				CCFD5146279CE1A0005E398D /* Frameworks */,
				CCFD5147279CE1A0005E398D /* Resources */,
			);
			buildRules = (
			);
			dependencies = (
				CCFD514B279CE1A0005E398D /* PBXTargetDependency */,
			);
			name = helloUITests;
			productName = helloUITests;
			productReference = CCFD5149279CE1A0005E398D /* helloUITests.xctest */;
			productType = "com.apple.product-type.bundle.ui-testing";
		};
/* End PBXNativeTarget section */

/* Begin PBXProject section */
		CCFD511E279CE19D005E398D /* Project object */ = {
			isa = PBXProject;
			attributes = {
				BuildIndependentTargetsInParallel = 1;
				LastSwiftUpdateCheck = 1320;
				LastUpgradeCheck = 1320;
				TargetAttributes = {
					CCFD5125279CE19D005E398D = {
						CreatedOnToolsVersion = 13.2.1;
					};
					CCFD513E279CE1A0005E398D = {
						CreatedOnToolsVersion = 13.2.1;
						TestTargetID = CCFD5125279CE19D005E398D;
					};
					CCFD5148279CE1A0005E398D = {
						CreatedOnToolsVersion = 13.2.1;
						TestTargetID = CCFD5125279CE19D005E398D;
					};
				};
			};
			buildConfigurationList = CCFD5121279CE19D005E398D /* Build configuration list for PBXProject "hello" */;
			compatibilityVersion = "Xcode 13.0";
			developmentRegion = en;
			hasScannedForEncodings = 0;
			knownRegions = (
				en,
				Base,
			);
			mainGroup = CCFD511D279CE19D005E398D;
			productRefGroup = CCFD5127279CE19D005E398D /* Products */;
			projectDirPath = "";
			projectRoot = "";
			targets = (
				CCFD5125279CE19D005E398D /* hello */,
				CCFD513E279CE1A0005E398D /* helloTests */,
				CCFD5148279CE1A0005E398D /* helloUITests */,
			);
		};
/* End PBXProject section */

/* Begin PBXResourcesBuildPhase section */
		CCFD5124279CE19D005E398D /* Resources */ = {
			isa = PBXResourcesBuildPhase;
			buildActionMask = 2147483647;
			files = (
				CCFD5139279CE1A0005E398D /* LaunchScreen.storyboard in Resources */,
				CCFD5136279CE1A0005E398D /* Assets.xcassets in Resources */,
				CCFD5131279CE19D005E398D /* Main.storyboard in Resources */,
			);
			runOnlyForDeploymentPostprocessing = 0;
		};
		CCFD513D279CE1A0005E398D /* Resources */ = {
			isa = PBXResourcesBuildPhase;
			buildActionMask = 2147483647;
			files = (
			);
			runOnlyForDeploymentPostprocessing = 0;
		};
		CCFD5147279CE1A0005E398D /* Resources */ = {
			isa = PBXResourcesBuildPhase;
			buildActionMask = 2147483647;
			files = (
			);
			runOnlyForDeploymentPostprocessing = 0;
		};
/* End PBXResourcesBuildPhase section */

/* Begin PBXSourcesBuildPhase section */
		CCFD5122279CE19D005E398D /* Sources */ = {
			isa = PBXSourcesBuildPhase;
			buildActionMask = 2147483647;
			files = (
				CCFD512E279CE19D005E398D /* ViewController.swift in Sources */,
				CCFD512A279CE19D005E398D /* AppDelegate.swift in Sources */,
				CCFD5134279CE19D005E398D /* hello.xcdatamodeld in Sources */,
				CCFD512C279CE19D005E398D /* SceneDelegate.swift in Sources */,
			);
			runOnlyForDeploymentPostprocessing = 0;
		};
		CCFD513B279CE1A0005E398D /* Sources */ = {
			isa = PBXSourcesBuildPhase;
			buildActionMask = 2147483647;
			files = (
				CCFD5144279CE1A0005E398D /* helloTests.swift in Sources */,
			);
			runOnlyForDeploymentPostprocessing = 0;
		};
		CCFD5145279CE1A0005E398D /* Sources */ = {
			isa = PBXSourcesBuildPhase;
			buildActionMask = 2147483647;
			files = (
				CCFD514E279CE1A0005E398D /* helloUITests.swift in Sources */,
				CCFD5150279CE1A0005E398D /* helloUITestsLaunchTests.swift in Sources */,
			);
			runOnlyForDeploymentPostprocessing = 0;
		};
/* End PBXSourcesBuildPhase section */

/* Begin PBXTargetDependency section */
		CCFD5141279CE1A0005E398D /* PBXTargetDependency */ = {
			isa = PBXTargetDependency;
			target = CCFD5125279CE19D005E398D /* hello */;
			targetProxy = CCFD5140279CE1A0005E398D /* PBXContainerItemProxy */;
		};
		CCFD514B279CE1A0005E398D /* PBXTargetDependency */ = {
			isa = PBXTargetDependency;
			target = CCFD5125279CE19D005E398D /* hello */;
			targetProxy = CCFD514A279CE1A0005E398D /* PBXContainerItemProxy */;
		};
/* End PBXTargetDependency section */

/* Begin PBXVariantGroup section */
		CCFD512F279CE19D005E398D /* Main.storyboard */ = {
			isa = PBXVariantGroup;
			children = (
				CCFD5130279CE19D005E398D /* Base */,
			);
			name = Main.storyboard;
			sourceTree = "<group>";
		};
		CCFD5137279CE1A0005E398D /* LaunchScreen.storyboard */ = {
			isa = PBXVariantGroup;
			children = (
				CCFD5138279CE1A0005E398D /* Base */,
			);
			name = LaunchScreen.storyboard;
			sourceTree = "<group>";
		};
/* End PBXVariantGroup section */

/* Begin XCBuildConfiguration section */
		CCFD5151279CE1A0005E398D /* Debug */ = {
			isa = XCBuildConfiguration;
			buildSettings = {
				ALWAYS_SEARCH_USER_PATHS = NO;
				CLANG_ANALYZER_NONNULL = YES;
				CLANG_ANALYZER_NUMBER_OBJECT_CONVERSION = YES_AGGRESSIVE;
				CLANG_CXX_LANGUAGE_STANDARD = "gnu++17";
				CLANG_CXX_LIBRARY = "libc++";
				CLANG_ENABLE_MODULES = YES;
				CLANG_ENABLE_OBJC_ARC = YES;
				CLANG_ENABLE_OBJC_WEAK = YES;
				CLANG_WARN_BLOCK_CAPTURE_AUTORELEASING = YES;
				CLANG_WARN_BOOL_CONVERSION = YES;
				CLANG_WARN_COMMA = YES;
				CLANG_WARN_CONSTANT_CONVERSION = YES;
				CLANG_WARN_DEPRECATED_OBJC_IMPLEMENTATIONS = YES;
				CLANG_WARN_DIRECT_OBJC_ISA_USAGE = YES_ERROR;
				CLANG_WARN_DOCUMENTATION_COMMENTS = YES;
				CLANG_WARN_EMPTY_BODY = YES;
				CLANG_WARN_ENUM_CONVERSION = YES;
				CLANG_WARN_INFINITE_RECURSION = YES;
				CLANG_WARN_INT_CONVERSION = YES;
				CLANG_WARN_NON_LITERAL_NULL_CONVERSION = YES;
				CLANG_WARN_OBJC_IMPLICIT_RETAIN_SELF = YES;
				CLANG_WARN_OBJC_LITERAL_CONVERSION = YES;
				CLANG_WARN_OBJC_ROOT_CLASS = YES_ERROR;
				CLANG_WARN_QUOTED_INCLUDE_IN_FRAMEWORK_HEADER = YES;
				CLANG_WARN_RANGE_LOOP_ANALYSIS = YES;
				CLANG_WARN_STRICT_PROTOTYPES = YES;
				CLANG_WARN_SUSPICIOUS_MOVE = YES;
				CLANG_WARN_UNGUARDED_AVAILABILITY = YES_AGGRESSIVE;
				CLANG_WARN_UNREACHABLE_CODE = YES;
				CLANG_WARN__DUPLICATE_METHOD_MATCH = YES;
				COPY_PHASE_STRIP = NO;
				DEBUG_INFORMATION_FORMAT = dwarf;
				ENABLE_STRICT_OBJC_MSGSEND = YES;
				ENABLE_TESTABILITY = YES;
				GCC_C_LANGUAGE_STANDARD = gnu11;
				GCC_DYNAMIC_NO_PIC = NO;
				GCC_NO_COMMON_BLOCKS = YES;
				GCC_OPTIMIZATION_LEVEL = 0;
				GCC_PREPROCESSOR_DEFINITIONS = (
					"DEBUG=1",
					"$(inherited)",
				);
				GCC_WARN_64_TO_32_BIT_CONVERSION = YES;
				GCC_WARN_ABOUT_RETURN_TYPE = YES_ERROR;
				GCC_WARN_UNDECLARED_SELECTOR = YES;
				GCC_WARN_UNINITIALIZED_AUTOS = YES_AGGRESSIVE;
				GCC_WARN_UNUSED_FUNCTION = YES;
				GCC_WARN_UNUSED_VARIABLE = YES;
				IPHONEOS_DEPLOYMENT_TARGET = 15.2;
				MTL_ENABLE_DEBUG_INFO = INCLUDE_SOURCE;
				MTL_FAST_MATH = YES;
				ONLY_ACTIVE_ARCH = YES;
				SDKROOT = iphoneos;
				SWIFT_ACTIVE_COMPILATION_CONDITIONS = DEBUG;
				SWIFT_OPTIMIZATION_LEVEL = "-Onone";
			};
			name = Debug;
		};
		CCFD5152279CE1A0005E398D /* Release */ = {
			isa = XCBuildConfiguration;
			buildSettings = {
				ALWAYS_SEARCH_USER_PATHS = NO;
				CLANG_ANALYZER_NONNULL = YES;
				CLANG_ANALYZER_NUMBER_OBJECT_CONVERSION = YES_AGGRESSIVE;
				CLANG_CXX_LANGUAGE_STANDARD = "gnu++17";
				CLANG_CXX_LIBRARY = "libc++";
				CLANG_ENABLE_MODULES = YES;
				CLANG_ENABLE_OBJC_ARC = YES;
				CLANG_ENABLE_OBJC_WEAK = YES;
				CLANG_WARN_BLOCK_CAPTURE_AUTORELEASING = YES;
				CLANG_WARN_BOOL_CONVERSION = YES;
				CLANG_WARN_COMMA = YES;
				CLANG_WARN_CONSTANT_CONVERSION = YES;
				CLANG_WARN_DEPRECATED_OBJC_IMPLEMENTATIONS = YES;
				CLANG_WARN_DIRECT_OBJC_ISA_USAGE = YES_ERROR;
				CLANG_WARN_DOCUMENTATION_COMMENTS = YES;
				CLANG_WARN_EMPTY_BODY = YES;
				CLANG_WARN_ENUM_CONVERSION = YES;
				CLANG_WARN_INFINITE_RECURSION = YES;
				CLANG_WARN_INT_CONVERSION = YES;
				CLANG_WARN_NON_LITERAL_NULL_CONVERSION = YES;
				CLANG_WARN_OBJC_IMPLICIT_RETAIN_SELF = YES;
				CLANG_WARN_OBJC_LITERAL_CONVERSION = YES;
				CLANG_WARN_OBJC_ROOT_CLASS = YES_ERROR;
				CLANG_WARN_QUOTED_INCLUDE_IN_FRAMEWORK_HEADER = YES;
				CLANG_WARN_RANGE_LOOP_ANALYSIS = YES;
				CLANG_WARN_STRICT_PROTOTYPES = YES;
				CLANG_WARN_SUSPICIOUS_MOVE = YES;
				CLANG_WARN_UNGUARDED_AVAILABILITY = YES_AGGRESSIVE;
				CLANG_WARN_UNREACHABLE_CODE = YES;
				CLANG_WARN__DUPLICATE_METHOD_MATCH = YES;
				COPY_PHASE_STRIP = NO;
				DEBUG_INFORMATION_FORMAT = "dwarf-with-dsym";
				ENABLE_NS_ASSERTIONS = NO;
				ENABLE_STRICT_OBJC_MSGSEND = YES;
				GCC_C_LANGUAGE_STANDARD = gnu11;
				GCC_NO_COMMON_BLOCKS = YES;
				GCC_WARN_64_TO_32_BIT_CONVERSION = YES;
				GCC_WARN_ABOUT_RETURN_TYPE = YES_ERROR;
				GCC_WARN_UNDECLARED_SELECTOR = YES;
				GCC_WARN_UNINITIALIZED_AUTOS = YES_AGGRESSIVE;
				GCC_WARN_UNUSED_FUNCTION = YES;
				GCC_WARN_UNUSED_VARIABLE = YES;
				IPHONEOS_DEPLOYMENT_TARGET = 15.2;
				MTL_ENABLE_DEBUG_INFO = NO;
				MTL_FAST_MATH = YES;
				SDKROOT = iphoneos;
				SWIFT_COMPILATION_MODE = wholemodule;
				SWIFT_OPTIMIZATION_LEVEL = "-O";
				VALIDATE_PRODUCT = YES;
			};
			name = Release;
		};
		CCFD5154279CE1A0005E398D /* Debug */ = {
			isa = XCBuildConfiguration;
			buildSettings = {
				ASSETCATALOG_COMPILER_APPICON_NAME = AppIcon;
				ASSETCATALOG_COMPILER_GLOBAL_ACCENT_COLOR_NAME = AccentColor;
				CODE_SIGN_STYLE = Automatic;
				CURRENT_PROJECT_VERSION = 1;
				DEVELOPMENT_TEAM = G777ERHV23;
				GENERATE_INFOPLIST_FILE = YES;
				INFOPLIST_FILE = hello/Info.plist;
				INFOPLIST_KEY_UIApplicationSupportsIndirectInputEvents = YES;
				INFOPLIST_KEY_UILaunchStoryboardName = LaunchScreen;
				INFOPLIST_KEY_UIMainStoryboardFile = Main;
				INFOPLIST_KEY_UISupportedInterfaceOrientations_iPad = "UIInterfaceOrientationPortrait UIInterfaceOrientationPortraitUpsideDown UIInterfaceOrientationLandscapeLeft UIInterfaceOrientationLandscapeRight";
				INFOPLIST_KEY_UISupportedInterfaceOrientations_iPhone = "UIInterfaceOrientationPortrait UIInterfaceOrientationLandscapeLeft UIInterfaceOrientationLandscapeRight";
				LD_RUNPATH_SEARCH_PATHS = (
					"$(inherited)",
					"@executable_path/Frameworks",
				);
				MARKETING_VERSION = 1.0;
				PRODUCT_BUNDLE_IDENTIFIER = xyz.leeyangy.hello;
				PRODUCT_NAME = "$(TARGET_NAME)";
				SWIFT_EMIT_LOC_STRINGS = YES;
				SWIFT_VERSION = 5.0;
				TARGETED_DEVICE_FAMILY = "1,2";
			};
			name = Debug;
		};
		CCFD5155279CE1A0005E398D /* Release */ = {
			isa = XCBuildConfiguration;
			buildSettings = {
				ASSETCATALOG_COMPILER_APPICON_NAME = AppIcon;
				ASSETCATALOG_COMPILER_GLOBAL_ACCENT_COLOR_NAME = AccentColor;
				CODE_SIGN_STYLE = Automatic;
				CURRENT_PROJECT_VERSION = 1;
				DEVELOPMENT_TEAM = G777ERHV23;
				GENERATE_INFOPLIST_FILE = YES;
				INFOPLIST_FILE = hello/Info.plist;
				INFOPLIST_KEY_UIApplicationSupportsIndirectInputEvents = YES;
				INFOPLIST_KEY_UILaunchStoryboardName = LaunchScreen;
				INFOPLIST_KEY_UIMainStoryboardFile = Main;
				INFOPLIST_KEY_UISupportedInterfaceOrientations_iPad = "UIInterfaceOrientationPortrait UIInterfaceOrientationPortraitUpsideDown UIInterfaceOrientationLandscapeLeft UIInterfaceOrientationLandscapeRight";
				INFOPLIST_KEY_UISupportedInterfaceOrientations_iPhone = "UIInterfaceOrientationPortrait UIInterfaceOrientationLandscapeLeft UIInterfaceOrientationLandscapeRight";
				LD_RUNPATH_SEARCH_PATHS = (
					"$(inherited)",
					"@executable_path/Frameworks",
				);
				MARKETING_VERSION = 1.0;
				PRODUCT_BUNDLE_IDENTIFIER = xyz.leeyangy.hello;
				PRODUCT_NAME = "$(TARGET_NAME)";
				SWIFT_EMIT_LOC_STRINGS = YES;
				SWIFT_VERSION = 5.0;
				TARGETED_DEVICE_FAMILY = "1,2";
			};
			name = Release;
		};
		CCFD5157279CE1A0005E398D /* Debug */ = {
			isa = XCBuildConfiguration;
			buildSettings = {
				ALWAYS_EMBED_SWIFT_STANDARD_LIBRARIES = YES;
				BUNDLE_LOADER = "$(TEST_HOST)";
				CODE_SIGN_STYLE = Automatic;
				CURRENT_PROJECT_VERSION = 1;
				DEVELOPMENT_TEAM = G777ERHV23;
				GENERATE_INFOPLIST_FILE = YES;
				IPHONEOS_DEPLOYMENT_TARGET = 15.2;
				MARKETING_VERSION = 1.0;
				PRODUCT_BUNDLE_IDENTIFIER = xyz.leeyangy.helloTests;
				PRODUCT_NAME = "$(TARGET_NAME)";
				SWIFT_EMIT_LOC_STRINGS = NO;
				SWIFT_VERSION = 5.0;
				TARGETED_DEVICE_FAMILY = "1,2";
				TEST_HOST = "$(BUILT_PRODUCTS_DIR)/hello.app/hello";
			};
			name = Debug;
		};
		CCFD5158279CE1A0005E398D /* Release */ = {
			isa = XCBuildConfiguration;
			buildSettings = {
				ALWAYS_EMBED_SWIFT_STANDARD_LIBRARIES = YES;
				BUNDLE_LOADER = "$(TEST_HOST)";
				CODE_SIGN_STYLE = Automatic;
				CURRENT_PROJECT_VERSION = 1;
				DEVELOPMENT_TEAM = G777ERHV23;
				GENERATE_INFOPLIST_FILE = YES;
				IPHONEOS_DEPLOYMENT_TARGET = 15.2;
				MARKETING_VERSION = 1.0;
				PRODUCT_BUNDLE_IDENTIFIER = xyz.leeyangy.helloTests;
				PRODUCT_NAME = "$(TARGET_NAME)";
				SWIFT_EMIT_LOC_STRINGS = NO;
				SWIFT_VERSION = 5.0;
				TARGETED_DEVICE_FAMILY = "1,2";
				TEST_HOST = "$(BUILT_PRODUCTS_DIR)/hello.app/hello";
			};
			name = Release;
		};
		CCFD515A279CE1A0005E398D /* Debug */ = {
			isa = XCBuildConfiguration;
			buildSettings = {
				ALWAYS_EMBED_SWIFT_STANDARD_LIBRARIES = YES;
				CODE_SIGN_STYLE = Automatic;
				CURRENT_PROJECT_VERSION = 1;
				DEVELOPMENT_TEAM = G777ERHV23;
				GENERATE_INFOPLIST_FILE = YES;
				MARKETING_VERSION = 1.0;
				PRODUCT_BUNDLE_IDENTIFIER = xyz.leeyangy.helloUITests;
				PRODUCT_NAME = "$(TARGET_NAME)";
				SWIFT_EMIT_LOC_STRINGS = NO;
				SWIFT_VERSION = 5.0;
				TARGETED_DEVICE_FAMILY = "1,2";
				TEST_TARGET_NAME = hello;
			};
			name = Debug;
		};
		CCFD515B279CE1A0005E398D /* Release */ = {
			isa = XCBuildConfiguration;
			buildSettings = {
				ALWAYS_EMBED_SWIFT_STANDARD_LIBRARIES = YES;
				CODE_SIGN_STYLE = Automatic;
				CURRENT_PROJECT_VERSION = 1;
				DEVELOPMENT_TEAM = G777ERHV23;
				GENERATE_INFOPLIST_FILE = YES;
				MARKETING_VERSION = 1.0;
				PRODUCT_BUNDLE_IDENTIFIER = xyz.leeyangy.helloUITests;
				PRODUCT_NAME = "$(TARGET_NAME)";
				SWIFT_EMIT_LOC_STRINGS = NO;
				SWIFT_VERSION = 5.0;
				TARGETED_DEVICE_FAMILY = "1,2";
				TEST_TARGET_NAME = hello;
			};
			name = Release;
		};
/* End XCBuildConfiguration section */

/* Begin XCConfigurationList section */
		CCFD5121279CE19D005E398D /* Build configuration list for PBXProject "hello" */ = {
			isa = XCConfigurationList;
			buildConfigurations = (
				CCFD5151279CE1A0005E398D /* Debug */,
				CCFD5152279CE1A0005E398D /* Release */,
			);
			defaultConfigurationIsVisible = 0;
			defaultConfigurationName = Release;
		};
		CCFD5153279CE1A0005E398D /* Build configuration list for PBXNativeTarget "hello" */ = {
			isa = XCConfigurationList;
			buildConfigurations = (
				CCFD5154279CE1A0005E398D /* Debug */,
				CCFD5155279CE1A0005E398D /* Release */,
			);
			defaultConfigurationIsVisible = 0;
			defaultConfigurationName = Release;
		};
		CCFD5156279CE1A0005E398D /* Build configuration list for PBXNativeTarget "helloTests" */ = {
			isa = XCConfigurationList;
			buildConfigurations = (
				CCFD5157279CE1A0005E398D /* Debug */,
				CCFD5158279CE1A0005E398D /* Release */,
			);
			defaultConfigurationIsVisible = 0;
			defaultConfigurationName = Release;
		};
		CCFD5159279CE1A0005E398D /* Build configuration list for PBXNativeTarget "helloUITests" */ = {
			isa = XCConfigurationList;
			buildConfigurations = (
				CCFD515A279CE1A0005E398D /* Debug */,
				CCFD515B279CE1A0005E398D /* Release */,
			);
			defaultConfigurationIsVisible = 0;
			defaultConfigurationName = Release;
		};
/* End XCConfigurationList section */

/* Begin XCVersionGroup section */
		CCFD5132279CE19D005E398D /* hello.xcdatamodeld */ = {
			isa = XCVersionGroup;
			children = (
				CCFD5133279CE19D005E398D /* hello.xcdatamodel */,
			);
			currentVersion = CCFD5133279CE19D005E398D /* hello.xcdatamodel */;
			path = hello.xcdatamodeld;
			sourceTree = "<group>";
			versionGroupType = wrapper.xcdatamodel;
		};
/* End XCVersionGroup section */
	};
	rootObject = CCFD511E279CE19D005E398D /* Project object */;
}
